
Microsoft Visual Studio Solution File, Format Version 12.00
Project("{FAE04EC0-301F-11D3-BF4B-00C04F79EFBC}") = "Ejercicio 01", "Ejercicio 01.csproj", "{8F61475F-9AF4-4FEB-8FA0-8E7E9F9F111D}"
EndProject
Global
	GlobalSection(SolutionConfigurationPlatforms) = preSolution
		Debug|Any CPU = Debug|Any CPU
		Release|Any CPU = Release|Any CPU
	EndGlobalSection
	GlobalSection(ProjectConfigurationPlatforms) = postSolution
		{8F61475F-9AF4-4FEB-8FA0-8E7E9F9F111D}.Debug|Any CPU.ActiveCfg = Debug|Any CPU
		{8F61475F-9AF4-4FEB-8FA0-8E7E9F9F111D}.Debug|Any CPU.Build.0 = Debug|Any CPU
		{8F61475F-9AF4-4FEB-8FA0-8E7E9F9F111D}.Release|Any CPU.ActiveCfg = Release|Any CPU
		{8F61475F-9AF4-4FEB-8FA0-8E7E9F9F111D}.Release|Any CPU.Build.0 = Release|Any CPU
	EndGlobalSection
EndGlobal
